// !$*UTF8*$!
{
	archiveVersion = 1;
	classes = {
	};
	objectVersion = 56;
	objects = {

/* Begin PBXBuildFile section */
		5817C2FA2BE6ADAB0084A832 /* AppDelegate.swift in Sources */ = {isa = PBXBuildFile; fileRef = 5817C2F92BE6ADAB0084A832 /* AppDelegate.swift */; };
		5817C2FC2BE6ADAB0084A832 /* SceneDelegate.swift in Sources */ = {isa = PBXBuildFile; fileRef = 5817C2FB2BE6ADAB0084A832 /* SceneDelegate.swift */; };
		5817C2FE2BE6ADAB0084A832 /* ViewController.swift in Sources */ = {isa = PBXBuildFile; fileRef = 5817C2FD2BE6ADAB0084A832 /* ViewController.swift */; };
		5817C3012BE6ADAB0084A832 /* Base in Resources */ = {isa = PBXBuildFile; fileRef = 5817C3002BE6ADAB0084A832 /* Base */; };
		5817C3032BE6ADBC0084A832 /* Assets.xcassets in Resources */ = {isa = PBXBuildFile; fileRef = 5817C3022BE6ADBC0084A832 /* Assets.xcassets */; };
		5817C3062BE6ADBC0084A832 /* Base in Resources */ = {isa = PBXBuildFile; fileRef = 5817C3052BE6ADBC0084A832 /* Base */; };
		5893FE582BE80083001A3947 /* SafariView.swift in Sources */ = {isa = PBXBuildFile; fileRef = 5893FE572BE80083001A3947 /* SafariView.swift */; };
		58EE5D3A2BE70F80003A4A3E /* Alamofire in Frameworks */ = {isa = PBXBuildFile; productRef = 58EE5D392BE70F80003A4A3E /* Alamofire */; };
		58EE5D3C2BE70F80003A4A3E /* AlamofireDynamic in Frameworks */ = {isa = PBXBuildFile; productRef = 58EE5D3B2BE70F80003A4A3E /* AlamofireDynamic */; };
		58EE5D3E2BE70F9A003A4A3E /* APIFunctions.swift in Sources */ = {isa = PBXBuildFile; fileRef = 58EE5D3D2BE70F9A003A4A3E /* APIFunctions.swift */; };
		58EE5D402BE744F1003A4A3E /* AddNoteViewController.swift in Sources */ = {isa = PBXBuildFile; fileRef = 58EE5D3F2BE744F1003A4A3E /* AddNoteViewController.swift */; };
/* End PBXBuildFile section */

/* Begin PBXFileReference section */
		5817C2F62BE6ADAB0084A832 /* iOSNoteApp.app */ = {isa = PBXFileReference; explicitFileType = wrapper.application; includeInIndex = 0; path = iOSNoteApp.app; sourceTree = BUILT_PRODUCTS_DIR; };
		5817C2F92BE6ADAB0084A832 /* AppDelegate.swift */ = {isa = PBXFileReference; lastKnownFileType = sourcecode.swift; path = AppDelegate.swift; sourceTree = "<group>"; };
		5817C2FB2BE6ADAB0084A832 /* SceneDelegate.swift */ = {isa = PBXFileReference; lastKnownFileType = sourcecode.swift; path = SceneDelegate.swift; sourceTree = "<group>"; };
		5817C2FD2BE6ADAB0084A832 /* ViewController.swift */ = {isa = PBXFileReference; lastKnownFileType = sourcecode.swift; path = ViewController.swift; sourceTree = "<group>"; };
		5817C3002BE6ADAB0084A832 /* Base */ = {isa = PBXFileReference; lastKnownFileType = file.storyboard; name = Base; path = Base.lproj/Main.storyboard; sourceTree = "<group>"; };
		5817C3022BE6ADBC0084A832 /* Assets.xcassets */ = {isa = PBXFileReference; lastKnownFileType = folder.assetcatalog; path = Assets.xcassets; sourceTree = "<group>"; };
		5817C3052BE6ADBC0084A832 /* Base */ = {isa = PBXFileReference; lastKnownFileType = file.storyboard; name = Base; path = Base.lproj/LaunchScreen.storyboard; sourceTree = "<group>"; };
		5817C3072BE6ADBC0084A832 /* Info.plist */ = {isa = PBXFileReference; lastKnownFileType = text.plist.xml; path = Info.plist; sourceTree = "<group>"; };
		5893FE572BE80083001A3947 /* SafariView.swift */ = {isa = PBXFileReference; lastKnownFileType = sourcecode.swift; path = SafariView.swift; sourceTree = "<group>"; };
		58EE5D3D2BE70F9A003A4A3E /* APIFunctions.swift */ = {isa = PBXFileReference; lastKnownFileType = sourcecode.swift; path = APIFunctions.swift; sourceTree = "<group>"; };
		58EE5D3F2BE744F1003A4A3E /* AddNoteViewController.swift */ = {isa = PBXFileReference; lastKnownFileType = sourcecode.swift; path = AddNoteViewController.swift; sourceTree = "<group>"; };
/* End PBXFileReference section */

/* Begin PBXFrameworksBuildPhase section */
		5817C2F32BE6ADAB0084A832 /* Frameworks */ = {
			isa = PBXFrameworksBuildPhase;
			buildActionMask = 2147483647;
			files = (
				58EE5D3A2BE70F80003A4A3E /* Alamofire in Frameworks */,
				58EE5D3C2BE70F80003A4A3E /* AlamofireDynamic in Frameworks */,
			);
			runOnlyForDeploymentPostprocessing = 0;
		};
/* End PBXFrameworksBuildPhase section */

/* Begin PBXGroup section */
		5817C2ED2BE6ADAA0084A832 = {
			isa = PBXGroup;
			children = (
				5817C2F82BE6ADAB0084A832 /* iOSNoteApp */,
				5817C2F72BE6ADAB0084A832 /* Products */,
			);
			sourceTree = "<group>";
		};
		5817C2F72BE6ADAB0084A832 /* Products */ = {
			isa = PBXGroup;
			children = (
				5817C2F62BE6ADAB0084A832 /* iOSNoteApp.app */,
			);
			name = Products;
			sourceTree = "<group>";
		};
		5817C2F82BE6ADAB0084A832 /* iOSNoteApp */ = {
			isa = PBXGroup;
			children = (
				5817C2F92BE6ADAB0084A832 /* AppDelegate.swift */,
				5817C2FB2BE6ADAB0084A832 /* SceneDelegate.swift */,
				5817C2FD2BE6ADAB0084A832 /* ViewController.swift */,
				5817C2FF2BE6ADAB0084A832 /* Main.storyboard */,
				58EE5D3D2BE70F9A003A4A3E /* APIFunctions.swift */,
				5893FE572BE80083001A3947 /* SafariView.swift */,
				58EE5D3F2BE744F1003A4A3E /* AddNoteViewController.swift */,
				5817C3022BE6ADBC0084A832 /* Assets.xcassets */,
				5817C3042BE6ADBC0084A832 /* LaunchScreen.storyboard */,
				5817C3072BE6ADBC0084A832 /* Info.plist */,
			);
			path = iOSNoteApp;
			sourceTree = "<group>";
		};
/* End PBXGroup section */

/* Begin PBXNativeTarget section */
		5817C2F52BE6ADAB0084A832 /* iOSNoteApp */ = {
			isa = PBXNativeTarget;
			buildConfigurationList = 5817C30A2BE6ADBC0084A832 /* Build configuration list for PBXNativeTarget "iOSNoteApp" */;
			buildPhases = (
				5817C2F22BE6ADAB0084A832 /* Sources */,
				5817C2F32BE6ADAB0084A832 /* Frameworks */,
				5817C2F42BE6ADAB0084A832 /* Resources */,
			);
			buildRules = (
			);
			dependencies = (
			);
			name = iOSNoteApp;
			packageProductDependencies = (
				58EE5D392BE70F80003A4A3E /* Alamofire */,
				58EE5D3B2BE70F80003A4A3E /* AlamofireDynamic */,
			);
			productName = iOSNoteApp;
			productReference = 5817C2F62BE6ADAB0084A832 /* iOSNoteApp.app */;
			productType = "com.apple.product-type.application";
		};
/* End PBXNativeTarget section */

/* Begin PBXProject section */
		5817C2EE2BE6ADAA0084A832 /* Project object */ = {
			isa = PBXProject;
			attributes = {
				BuildIndependentTargetsInParallel = 1;
				LastSwiftUpdateCheck = 1530;
				LastUpgradeCheck = 1530;
				TargetAttributes = {
					5817C2F52BE6ADAB0084A832 = {
						CreatedOnToolsVersion = 15.3;
					};
				};
			};
			buildConfigurationList = 5817C2F12BE6ADAB0084A832 /* Build configuration list for PBXProject "iOSNoteApp" */;
			compatibilityVersion = "Xcode 14.0";
			developmentRegion = en;
			hasScannedForEncodings = 0;
			knownRegions = (
				en,
				Base,
			);
			mainGroup = 5817C2ED2BE6ADAA0084A832;
			packageReferences = (
				58EE5D382BE70F80003A4A3E /* XCRemoteSwiftPackageReference "Alamofire" */,
			);
			productRefGroup = 5817C2F72BE6ADAB0084A832 /* Products */;
			projectDirPath = "";
			projectRoot = "";
			targets = (
				5817C2F52BE6ADAB0084A832 /* iOSNoteApp */,
			);
		};
/* End PBXProject section */

/* Begin PBXResourcesBuildPhase section */
		5817C2F42BE6ADAB0084A832 /* Resources */ = {
			isa = PBXResourcesBuildPhase;
			buildActionMask = 2147483647;
			files = (
				5817C3032BE6ADBC0084A832 /* Assets.xcassets in Resources */,
				5817C3062BE6ADBC0084A832 /* Base in Resources */,
				5817C3012BE6ADAB0084A832 /* Base in Resources */,
			);
			runOnlyForDeploymentPostprocessing = 0;
		};
/* End PBXResourcesBuildPhase section */

/* Begin PBXSourcesBuildPhase section */
		5817C2F22BE6ADAB0084A832 /* Sources */ = {
			isa = PBXSourcesBuildPhase;
			buildActionMask = 2147483647;
			files = (
				58EE5D3E2BE70F9A003A4A3E /* APIFunctions.swift in Sources */,
				5817C2FE2BE6ADAB0084A832 /* ViewController.swift in Sources */,
				5817C2FA2BE6ADAB0084A832 /* AppDelegate.swift in Sources */,
				58EE5D402BE744F1003A4A3E /* AddNoteViewController.swift in Sources */,
				5893FE582BE80083001A3947 /* SafariView.swift in Sources */,
				5817C2FC2BE6ADAB0084A832 /* SceneDelegate.swift in Sources */,
			);
			runOnlyForDeploymentPostprocessing = 0;
		};
/* End PBXSourcesBuildPhase section */

/* Begin PBXVariantGroup section */
		5817C2FF2BE6ADAB0084A832 /* Main.storyboard */ = {
			isa = PBXVariantGroup;
			children = (
				5817C3002BE6ADAB0084A832 /* Base */,
			);
			name = Main.storyboard;
			sourceTree = "<group>";
		};
		5817C3042BE6ADBC0084A832 /* LaunchScreen.storyboard */ = {
			isa = PBXVariantGroup;
			children = (
				5817C3052BE6ADBC0084A832 /* Base */,
			);
			name = LaunchScreen.storyboard;
			sourceTree = "<group>";
		};
/* End PBXVariantGroup section */

/* Begin XCBuildConfiguration section */
		5817C3082BE6ADBC0084A832 /* Debug */ = {
			isa = XCBuildConfiguration;
			buildSettings = {
				ALWAYS_SEARCH_USER_PATHS = NO;
				ASSETCATALOG_COMPILER_GENERATE_SWIFT_ASSET_SYMBOL_EXTENSIONS = YES;
				CLANG_ANALYZER_NONNULL = YES;
				CLANG_ANALYZER_NUMBER_OBJECT_CONVERSION = YES_AGGRESSIVE;
				CLANG_CXX_LANGUAGE_STANDARD = "gnu++20";
				CLANG_ENABLE_MODULES = YES;
				CLANG_ENABLE_OBJC_ARC = YES;
				CLANG_ENABLE_OBJC_WEAK = YES;
				CLANG_WARN_BLOCK_CAPTURE_AUTORELEASING = YES;
				CLANG_WARN_BOOL_CONVERSION = YES;
				CLANG_WARN_COMMA = YES;
				CLANG_WARN_CONSTANT_CONVERSION = YES;
				CLANG_WARN_DEPRECATED_OBJC_IMPLEMENTATIONS = YES;
				CLANG_WARN_DIRECT_OBJC_ISA_USAGE = YES_ERROR;
				CLANG_WARN_DOCUMENTATION_COMMENTS = YES;
				CLANG_WARN_EMPTY_BODY = YES;
				CLANG_WARN_ENUM_CONVERSION = YES;
				CLANG_WARN_INFINITE_RECURSION = YES;
				CLANG_WARN_INT_CONVERSION = YES;
				CLANG_WARN_NON_LITERAL_NULL_CONVERSION = YES;
				CLANG_WARN_OBJC_IMPLICIT_RETAIN_SELF = YES;
				CLANG_WARN_OBJC_LITERAL_CONVERSION = YES;
				CLANG_WARN_OBJC_ROOT_CLASS = YES_ERROR;
				CLANG_WARN_QUOTED_INCLUDE_IN_FRAMEWORK_HEADER = YES;
				CLANG_WARN_RANGE_LOOP_ANALYSIS = YES;
				CLANG_WARN_STRICT_PROTOTYPES = YES;
				CLANG_WARN_SUSPICIOUS_MOVE = YES;
				CLANG_WARN_UNGUARDED_AVAILABILITY = YES_AGGRESSIVE;
				CLANG_WARN_UNREACHABLE_CODE = YES;
				CLANG_WARN__DUPLICATE_METHOD_MATCH = YES;
				COPY_PHASE_STRIP = NO;
				DEBUG_INFORMATION_FORMAT = dwarf;
				ENABLE_STRICT_OBJC_MSGSEND = YES;
				ENABLE_TESTABILITY = YES;
				ENABLE_USER_SCRIPT_SANDBOXING = YES;
				GCC_C_LANGUAGE_STANDARD = gnu17;
				GCC_DYNAMIC_NO_PIC = NO;
				GCC_NO_COMMON_BLOCKS = YES;
				GCC_OPTIMIZATION_LEVEL = 0;
				GCC_PREPROCESSOR_DEFINITIONS = (
					"DEBUG=1",
					"$(inherited)",
				);
				GCC_WARN_64_TO_32_BIT_CONVERSION = YES;
				GCC_WARN_ABOUT_RETURN_TYPE = YES_ERROR;
				GCC_WARN_UNDECLARED_SELECTOR = YES;
				GCC_WARN_UNINITIALIZED_AUTOS = YES_AGGRESSIVE;
				GCC_WARN_UNUSED_FUNCTION = YES;
				GCC_WARN_UNUSED_VARIABLE = YES;
				IPHONEOS_DEPLOYMENT_TARGET = 17.4;
				LOCALIZATION_PREFERS_STRING_CATALOGS = YES;
				MTL_ENABLE_DEBUG_INFO = INCLUDE_SOURCE;
				MTL_FAST_MATH = YES;
				ONLY_ACTIVE_ARCH = YES;
				SDKROOT = iphoneos;
				SWIFT_ACTIVE_COMPILATION_CONDITIONS = "DEBUG $(inherited)";
				SWIFT_OPTIMIZATION_LEVEL = "-Onone";
			};
			name = Debug;
		};
		5817C3092BE6ADBC0084A832 /* Release */ = {
			isa = XCBuildConfiguration;
			buildSettings = {
				ALWAYS_SEARCH_USER_PATHS = NO;
				ASSETCATALOG_COMPILER_GENERATE_SWIFT_ASSET_SYMBOL_EXTENSIONS = YES;
				CLANG_ANALYZER_NONNULL = YES;
				CLANG_ANALYZER_NUMBER_OBJECT_CONVERSION = YES_AGGRESSIVE;
				CLANG_CXX_LANGUAGE_STANDARD = "gnu++20";
				CLANG_ENABLE_MODULES = YES;
				CLANG_ENABLE_OBJC_ARC = YES;
				CLANG_ENABLE_OBJC_WEAK = YES;
				CLANG_WARN_BLOCK_CAPTURE_AUTORELEASING = YES;
				CLANG_WARN_BOOL_CONVERSION = YES;
				CLANG_WARN_COMMA = YES;
				CLANG_WARN_CONSTANT_CONVERSION = YES;
				CLANG_WARN_DEPRECATED_OBJC_IMPLEMENTATIONS = YES;
				CLANG_WARN_DIRECT_OBJC_ISA_USAGE = YES_ERROR;
				CLANG_WARN_DOCUMENTATION_COMMENTS = YES;
				CLANG_WARN_EMPTY_BODY = YES;
				CLANG_WARN_ENUM_CONVERSION = YES;
				CLANG_WARN_INFINITE_RECURSION = YES;
				CLANG_WARN_INT_CONVERSION = YES;
				CLANG_WARN_NON_LITERAL_NULL_CONVERSION = YES;
				CLANG_WARN_OBJC_IMPLICIT_RETAIN_SELF = YES;
				CLANG_WARN_OBJC_LITERAL_CONVERSION = YES;
				CLANG_WARN_OBJC_ROOT_CLASS = YES_ERROR;
				CLANG_WARN_QUOTED_INCLUDE_IN_FRAMEWORK_HEADER = YES;
				CLANG_WARN_RANGE_LOOP_ANALYSIS = YES;
				CLANG_WARN_STRICT_PROTOTYPES = YES;
				CLANG_WARN_SUSPICIOUS_MOVE = YES;
				CLANG_WARN_UNGUARDED_AVAILABILITY = YES_AGGRESSIVE;
				CLANG_WARN_UNREACHABLE_CODE = YES;
				CLANG_WARN__DUPLICATE_METHOD_MATCH = YES;
				COPY_PHASE_STRIP = NO;
				DEBUG_INFORMATION_FORMAT = "dwarf-with-dsym";
				ENABLE_NS_ASSERTIONS = NO;
				ENABLE_STRICT_OBJC_MSGSEND = YES;
				ENABLE_USER_SCRIPT_SANDBOXING = YES;
				GCC_C_LANGUAGE_STANDARD = gnu17;
				GCC_NO_COMMON_BLOCKS = YES;
				GCC_WARN_64_TO_32_BIT_CONVERSION = YES;
				GCC_WARN_ABOUT_RETURN_TYPE = YES_ERROR;
				GCC_WARN_UNDECLARED_SELECTOR = YES;
				GCC_WARN_UNINITIALIZED_AUTOS = YES_AGGRESSIVE;
				GCC_WARN_UNUSED_FUNCTION = YES;
				GCC_WARN_UNUSED_VARIABLE = YES;
				IPHONEOS_DEPLOYMENT_TARGET = 17.4;
				LOCALIZATION_PREFERS_STRING_CATALOGS = YES;
				MTL_ENABLE_DEBUG_INFO = NO;
				MTL_FAST_MATH = YES;
				SDKROOT = iphoneos;
				SWIFT_COMPILATION_MODE = wholemodule;
				VALIDATE_PRODUCT = YES;
			};
			name = Release;
		};
		5817C30B2BE6ADBC0084A832 /* Debug */ = {
			isa = XCBuildConfiguration;
			buildSettings = {
				ASSETCATALOG_COMPILER_APPICON_NAME = AppIcon;
				ASSETCATALOG_COMPILER_GLOBAL_ACCENT_COLOR_NAME = AccentColor;
				CODE_SIGN_STYLE = Automatic;
				CURRENT_PROJECT_VERSION = 1;
				DEVELOPMENT_TEAM = 75FS44SS26;
				GENERATE_INFOPLIST_FILE = YES;
				INFOPLIST_FILE = iOSNoteApp/Info.plist;
				INFOPLIST_KEY_UIApplicationSupportsIndirectInputEvents = YES;
				INFOPLIST_KEY_UILaunchStoryboardName = LaunchScreen;
				INFOPLIST_KEY_UIMainStoryboardFile = Main;
				INFOPLIST_KEY_UISupportedInterfaceOrientations_iPad = "UIInterfaceOrientationPortrait UIInterfaceOrientationPortraitUpsideDown UIInterfaceOrientationLandscapeLeft UIInterfaceOrientationLandscapeRight";
				INFOPLIST_KEY_UISupportedInterfaceOrientations_iPhone = "UIInterfaceOrientationPortrait UIInterfaceOrientationLandscapeLeft UIInterfaceOrientationLandscapeRight";
				LD_RUNPATH_SEARCH_PATHS = (
					"$(inherited)",
					"@executable_path/Frameworks",
				);
				MARKETING_VERSION = 1.0;
				PRODUCT_BUNDLE_IDENTIFIER = Sonu.iOSNoteApp;
				PRODUCT_NAME = "$(TARGET_NAME)";
				SWIFT_EMIT_LOC_STRINGS = YES;
				SWIFT_VERSION = 5.0;
				TARGETED_DEVICE_FAMILY = "1,2";
			};
			name = Debug;
		};
		5817C30C2BE6ADBC0084A832 /* Release */ = {
			isa = XCBuildConfiguration;
			buildSettings = {
				ASSETCATALOG_COMPILER_APPICON_NAME = AppIcon;
				ASSETCATALOG_COMPILER_GLOBAL_ACCENT_COLOR_NAME = AccentColor;
				CODE_SIGN_STYLE = Automatic;
				CURRENT_PROJECT_VERSION = 1;
				DEVELOPMENT_TEAM = 75FS44SS26;
				GENERATE_INFOPLIST_FILE = YES;
				INFOPLIST_FILE = iOSNoteApp/Info.plist;
				INFOPLIST_KEY_UIApplicationSupportsIndirectInputEvents = YES;
				INFOPLIST_KEY_UILaunchStoryboardName = LaunchScreen;
				INFOPLIST_KEY_UIMainStoryboardFile = Main;
				INFOPLIST_KEY_UISupportedInterfaceOrientations_iPad = "UIInterfaceOrientationPortrait UIInterfaceOrientationPortraitUpsideDown UIInterfaceOrientationLandscapeLeft UIInterfaceOrientationLandscapeRight";
				INFOPLIST_KEY_UISupportedInterfaceOrientations_iPhone = "UIInterfaceOrientationPortrait UIInterfaceOrientationLandscapeLeft UIInterfaceOrientationLandscapeRight";
				LD_RUNPATH_SEARCH_PATHS = (
					"$(inherited)",
					"@executable_path/Frameworks",
				);
				MARKETING_VERSION = 1.0;
				PRODUCT_BUNDLE_IDENTIFIER = Sonu.iOSNoteApp;
				PRODUCT_NAME = "$(TARGET_NAME)";
				SWIFT_EMIT_LOC_STRINGS = YES;
				SWIFT_VERSION = 5.0;
				TARGETED_DEVICE_FAMILY = "1,2";
			};
			name = Release;
		};
/* End XCBuildConfiguration section */

/* Begin XCConfigurationList section */
		5817C2F12BE6ADAB0084A832 /* Build configuration list for PBXProject "iOSNoteApp" */ = {
			isa = XCConfigurationList;
			buildConfigurations = (
				5817C3082BE6ADBC0084A832 /* Debug */,
				5817C3092BE6ADBC0084A832 /* Release */,
			);
			defaultConfigurationIsVisible = 0;
			defaultConfigurationName = Release;
		};
		5817C30A2BE6ADBC0084A832 /* Build configuration list for PBXNativeTarget "iOSNoteApp" */ = {
			isa = XCConfigurationList;
			buildConfigurations = (
				5817C30B2BE6ADBC0084A832 /* Debug */,
				5817C30C2BE6ADBC0084A832 /* Release */,
			);
			defaultConfigurationIsVisible = 0;
			defaultConfigurationName = Release;
		};
/* End XCConfigurationList section */

/* Begin XCRemoteSwiftPackageReference section */
		58EE5D382BE70F80003A4A3E /* XCRemoteSwiftPackageReference "Alamofire" */ = {
			isa = XCRemoteSwiftPackageReference;
			repositoryURL = "https://github.com/Alamofire/Alamofire";
			requirement = {
				kind = upToNextMajorVersion;
				minimumVersion = 5.9.1;
			};
		};
/* End XCRemoteSwiftPackageReference section */

/* Begin XCSwiftPackageProductDependency section */
		58EE5D392BE70F80003A4A3E /* Alamofire */ = {
			isa = XCSwiftPackageProductDependency;
			package = 58EE5D382BE70F80003A4A3E /* XCRemoteSwiftPackageReference "Alamofire" */;
			productName = Alamofire;
		};
		58EE5D3B2BE70F80003A4A3E /* AlamofireDynamic */ = {
			isa = XCSwiftPackageProductDependency;
			package = 58EE5D382BE70F80003A4A3E /* XCRemoteSwiftPackageReference "Alamofire" */;
			productName = AlamofireDynamic;
		};
/* End XCSwiftPackageProductDependency section */
	};
	rootObject = 5817C2EE2BE6ADAA0084A832 /* Project object */;
}
